
Microsoft Visual Studio Solution File, Format Version 12.00
# Visual Studio Version 16
VisualStudioVersion = 16.0.29911.84
MinimumVisualStudioVersion = 10.0.40219.1
Project("{FAE04EC0-301F-11D3-BF4B-00C04F79EFBC}") = "ChessGame", "Chess\ChessGame.csproj", "{69D24340-302A-4ADC-B7F6-47CDB342CB08}"
EndProject
Project("{FAE04EC0-301F-11D3-BF4B-00C04F79EFBC}") = "ChessDemo", "ChessDemo\ChessDemo.csproj", "{7956E160-8781-4B6E-8D7D-A1414150D1B1}"
EndProject
Global
	GlobalSection(SolutionConfigurationPlatforms) = preSolution
		Debug|Any CPU = Debug|Any CPU
		Release|Any CPU = Release|Any CPU
	EndGlobalSection
	GlobalSection(ProjectConfigurationPlatforms) = postSolution
		{69D24340-302A-4ADC-B7F6-47CDB342CB08}.Debug|Any CPU.ActiveCfg = Debug|Any CPU
		{69D24340-302A-4ADC-B7F6-47CDB342CB08}.Debug|Any CPU.Build.0 = Debug|Any CPU
		{69D24340-302A-4ADC-B7F6-47CDB342CB08}.Release|Any CPU.ActiveCfg = Release|Any CPU
		{69D24340-302A-4ADC-B7F6-47CDB342CB08}.Release|Any CPU.Build.0 = Release|Any CPU
		{7956E160-8781-4B6E-8D7D-A1414150D1B1}.Debug|Any CPU.ActiveCfg = Debug|Any CPU
		{7956E160-8781-4B6E-8D7D-A1414150D1B1}.Debug|Any CPU.Build.0 = Debug|Any CPU
		{7956E160-8781-4B6E-8D7D-A1414150D1B1}.Release|Any CPU.ActiveCfg = Release|Any CPU
		{7956E160-8781-4B6E-8D7D-A1414150D1B1}.Release|Any CPU.Build.0 = Release|Any CPU
	EndGlobalSection
	GlobalSection(SolutionProperties) = preSolution
		HideSolutionNode = FALSE
	EndGlobalSection
	GlobalSection(ExtensibilityGlobals) = postSolution
		SolutionGuid = {56147869-DB35-4B7F-BABA-E2AADA6D3AD0}
	EndGlobalSection
EndGlobal
